# This file is automatically @generated by Cargo.
# It is not intended for manual editing.
version = 4

[[package]]
name = "cipherbox-core"
version = "0.0.0"

[[package]]
name = "cipherbox-engine"
version = "0.0.0"
dependencies = [
 "cipherbox-core",
]

[[package]]
name = "cipherbox-fuse"
version = "0.0.0"
dependencies = [
 "cipherbox-engine",
]

[[package]]
name = "cipherbox-wasm"
version = "0.0.0"
dependencies = [
 "cipherbox-engine",
]
